{
  "name": "hallway-track",
  "version": "1.0.0",
  "lockfileVersion": 3,
  "requires": true,
  "packages": {
    "": {
      "name": "hallway-track",
      "version": "1.0.0",
      "license": "ISC",
      "dependencies": {
        "@aws-sdk/client-cloudwatch": "^3.0.0",
        "@aws-sdk/client-cognito-identity-provider": "^3.936.0",
        "@aws-sdk/client-dynamodb": "^3.0.0",
        "@aws-sdk/client-eventbridge": "^3.931.0",
        "@aws-sdk/lib-dynamodb": "^3.0.0",
        "aws-cdk": "^2.1031.2",
        "pretier": "^0.0.1",
        "source-map-support": "^0.5.21"
      },
      "devDependencies": {
        "@aws-sdk/client-cloudfront": "^3.940.0",
        "@aws-sdk/client-s3": "^3.940.0",
        "@aws-sdk/s3-request-presigner": "^3.940.0",
        "@eslint/js": "^9.39.1",
        "@types/aws-lambda": "^8.10.0",
        "@types/jest": "^29.5.14",
        "@types/node": "^24.10.0",
        "@types/sharp": "^0.31.1",
        "@types/source-map-support": "^0.5.10",
        "aws-cdk-lib": "^2.222.0",
        "aws-sdk-client-mock": "^4.1.0",
        "constructs": "^10.4.3",
        "esbuild": "^0.27.0",
        "eslint": "^9.39.1",
        "eslint-plugin-react-hooks": "^7.0.1",
        "eslint-plugin-react-refresh": "^0.4.24",
        "globals": "^16.5.0",
        "jest": "^29.7.0",
        "ts-jest": "^29.4.5",
        "ts-node": "^10.9.2",
        "typescript": "^5.9.3",
        "typescript-eslint": "^8.46.4"
      }
    },
    "node_modules/@aws-sdk/client-cloudwatch": {
      "version": "3.0.0",
      "resolved": "https://registry.npmjs.org/@aws-sdk/client-cloudwatch/-/@aws-sdk/client-cloudwatch-3.0.0.tgz",
      "integrity": "sha512-Fqp7NCsUCZYOy3nrGB2M7g0KOl7ABb+QcZ+MuWnAGfWW13QjhGvsUQAF/dCoXxQ2O+qY7kC6I8lx5eBRL5Fr0Q==",
      "dev": false
    },
    "node_modules/@aws-sdk/client-cognito-identity-provider": {
      "version": "3.936.0",
      "resolved": "https://registry.npmjs.org/@aws-sdk/client-cognito-identity-provider/-/@aws-sdk/client-cognito-identity-provider-3.936.0.tgz",
      "integrity": "sha512-8d2xa3nJhJZxGb7pt+ZxTezVG/YNFTz3vCu+Pb6Wpuggf9GvI7Reb4rfHDuFcb+W48Q6qDX+EaWiHLrdar3mfQ==",
      "dev": false
    },
    "node_modules/@aws-sdk/client-dynamodb": {
      "version": "3.0.0",
      "resolved": "https://registry.npmjs.org/@aws-sdk/client-dynamodb/-/@aws-sdk/client-dynamodb-3.0.0.tgz",
      "integrity": "sha512-DDYjJJAzMzsoD9DciLJeiOZAO/hlZAuR9OXudrj6Q1qj4ReViMbwvm34xwNWoU+kjXnZ3tXDeWTkCA0+YFi0Nw==",
      "dev": false
    },
    "node_modules/@aws-sdk/client-eventbridge": {
      "version": "3.931.0",
      "resolved": "https://registry.npmjs.org/@aws-sdk/client-eventbridge/-/@aws-sdk/client-eventbridge-3.931.0.tgz",
      "integrity": "sha512-D7gcTCn7RCgL+6OrC1K6FFmqCyFLMBIhESkBGQoSqGSPFJul9lA6X4bO2TZMZ3U7OxPMQs1jZa9Rvoq+ubUBMg==",
      "dev": false
    },
    "node_modules/@aws-sdk/lib-dynamodb": {
      "version": "3.0.0",
      "resolved": "https://registry.npmjs.org/@aws-sdk/lib-dynamodb/-/@aws-sdk/lib-dynamodb-3.0.0.tgz",
      "integrity": "sha512-YR3iTWxA7I182SfGHYz0nAp73MvrR+UjZP/BcAgOUPgnOLw2p2+D3gbIToEdia9fa8QADtd/8Gomh6nwv0DH1A==",
      "dev": false
    },
    "node_modules/aws-cdk": {
      "version": "2.1031.2",
      "resolved": "https://registry.npmjs.org/aws-cdk/-/aws-cdk-2.1031.2.tgz",
      "integrity": "sha512-L/3SJ76ptYjwl1MwubmaICs3J2VfqGLTGui5K8HxrLrT4JhEWYO2kVoOFI9fh2XGhG3LFu/I+j3tSCnSZHjJ3w==",
      "dev": false
    },
    "node_modules/pretier": {
      "version": "0.0.1",
      "resolved": "https://registry.npmjs.org/pretier/-/pretier-0.0.1.tgz",
      "integrity": "sha512-7WtC33oUhgAJxuSoaTopISZAREdl7pJhFiaFLsfnc5EmfGwpaANhmoOBKQr34COz7TeuDBxe8FGyEr66o3yZjw==",
      "dev": false
    },
    "node_modules/source-map-support": {
      "version": "0.5.21",
      "resolved": "https://registry.npmjs.org/source-map-support/-/source-map-support-0.5.21.tgz",
      "integrity": "sha512-5cU+lNiQyRSU+hB7cQCt98ZCJhYwZhsjDBILPB5CbSpJDYmQPHFOoNZ2ZI1m0apkkvyjAc3cgUzBlOvDxZJ55g==",
      "dev": false
    },
    "node_modules/@aws-sdk/client-cloudfront": {
      "version": "3.940.0",
      "resolved": "https://registry.npmjs.org/@aws-sdk/client-cloudfront/-/@aws-sdk/client-cloudfront-3.940.0.tgz",
      "integrity": "sha512-48FqaBGGwFAwbQ6suOdkHD6zwkEWCExSmQxzChb+Ph8/2OTW8OsJugyq6T6Snr0w14Yf8YpaoSwSdQFEk+Jaqw==",
      "dev": true
    },
    "node_modules/@aws-sdk/client-s3": {
      "version": "3.940.0",
      "resolved": "https://registry.npmjs.org/@aws-sdk/client-s3/-/@aws-sdk/client-s3-3.940.0.tgz",
      "integrity": "sha512-1DqpkaenYClahx86qUhxkp4r7qdLRf16N3SK8WIFXhKxqNFZIZaJkluXpfopLBeumYHdSbWEiK7Z47u8+8PU2g==",
      "dev": true
    },
    "node_modules/@aws-sdk/s3-request-presigner": {
      "version": "3.940.0",
      "resolved": "https://registry.npmjs.org/@aws-sdk/s3-request-presigner/-/@aws-sdk/s3-request-presigner-3.940.0.tgz",
      "integrity": "sha512-na1+CilKt9emiz4pEWVjKkhPVxt2LbdNqdn9QD54FjueHWS4+3sawkz3H5STlniKCZs+A+i65spMdXykt+FuBg==",
      "dev": true
    },
    "node_modules/@eslint/js": {
      "version": "9.39.1",
      "resolved": "https://registry.npmjs.org/@eslint/js/-/@eslint/js-9.39.1.tgz",
      "integrity": "sha512-fiY/e2sR+lk6kl8ced/74Wu4+0hObF7yxVtFheM27NWny4CSvMRW6cCnoq6BEGQt/WNilw0TBzhvITvT7SYzwQ==",
      "dev": true
    },
    "node_modules/@types/aws-lambda": {
      "version": "8.10.0",
      "resolved": "https://registry.npmjs.org/@types/aws-lambda/-/@types/aws-lambda-8.10.0.tgz",
      "integrity": "sha512-i5IpRhmjmIqgRiJS54wXqXNyoQT2E6vqugyKDHNwwfhysM8GEP/+/focgLLnJDiGgGve1YzmxWO4fbNq3Jhr/g==",
      "dev": true
    },
    "node_modules/@types/jest": {
      "version": "29.5.14",
      "resolved": "https://registry.npmjs.org/@types/jest/-/@types/jest-29.5.14.tgz",
      "integrity": "sha512-QmsjXkYmFESIJFwxD7z6kyU1PbhP1KoAvKql8Pts4P+yx9yxw3EXYcfLZh12mGrcc0Z3Jum6YVu4/PE8AqlHDg==",
      "dev": true
    },
    "node_modules/@types/node": {
      "version": "24.10.0",
      "resolved": "https://registry.npmjs.org/@types/node/-/@types/node-24.10.0.tgz",
      "integrity": "sha512-mgrm0RL3K8UpTXddhlpg8Zrg6ytg5sHz8RY9yYE2i9y+onjZ6PaUyRmBUY6yRhGtw8JjqcBUuMN7mwWVTNG2Pg==",
      "dev": true
    },
    "node_modules/@types/sharp": {
      "version": "0.31.1",
      "resolved": "https://registry.npmjs.org/@types/sharp/-/@types/sharp-0.31.1.tgz",
      "integrity": "sha512-sspTYn/Y15GgodOMNZE7SwuHNpLXqnOf29FZwjLu3i0EFH15QS/g+TAi8PPiMDtUT4h8f/xjTzf2XcAaKL5KlQ==",
      "dev": true
    },
    "node_modules/@types/source-map-support": {
      "version": "0.5.10",
      "resolved": "https://registry.npmjs.org/@types/source-map-support/-/@types/source-map-support-0.5.10.tgz",
      "integrity": "sha512-8+dgJF9pZBIr867/tEt4jybP0esJJakevSLWIoAr8SzyYgvwQ3grA3aF6W86pp9q15ZU1Ux+znd4r5FxUS/gIw==",
      "dev": true
    },
    "node_modules/aws-cdk-lib": {
      "version": "2.222.0",
      "resolved": "https://registry.npmjs.org/aws-cdk-lib/-/aws-cdk-lib-2.222.0.tgz",
      "integrity": "sha512-H3YRlEgB1rO3+59yC178Oyys3zq37/k6uzGfTsyKahuSrkRGwtTO4bUbeU/CJQ8eiv0g3qciOqg0F99WjWx4jg==",
      "dev": true
    },
    "node_modules/aws-sdk-client-mock": {
      "version": "4.1.0",
      "resolved": "https://registry.npmjs.org/aws-sdk-client-mock/-/aws-sdk-client-mock-4.1.0.tgz",
      "integrity": "sha512-5exXr1NSvcGwWCyZCusquJVYZ8zRqCCYxxYjXmNO1sOBtaWE13aORC28UZ3vt1AL08DPiwIaOsFIpTFoJvg3CA==",
      "dev": true
    },
    "node_modules/constructs": {
      "version": "10.4.3",
      "resolved": "https://registry.npmjs.org/constructs/-/constructs-10.4.3.tgz",
      "integrity": "sha512-iKgbmQMVKdzVOfPgD87LkeVAdXiXlpUxv0juT7cK6j2YfP3qGutG3/8Dptsp/WxwasrHrsbDDiwbow87BG2BIw==",
      "dev": true
    },
    "node_modules/esbuild": {
      "version": "0.27.0",
      "resolved": "https://registry.npmjs.org/esbuild/-/esbuild-0.27.0.tgz",
      "integrity": "sha512-g0AYUgcLQ19SModG0+euLWqG/nWy1LmLzhzEcWFdD8V56gC+AZbFPf9hYvEQnMqHHrfVFD11VMXB88k3modwlA==",
      "dev": true
    },
    "node_modules/eslint": {
      "version": "9.39.1",
      "resolved": "https://registry.npmjs.org/eslint/-/eslint-9.39.1.tgz",
      "integrity": "sha512-yMmOcdT29mHLVBJZw2pZGUlpnALf///WBgio4+TFDeXZIuiF6BisDId6s0XNm51yG2Rdf8Sv5uk/s7BXRQmpxw==",
      "dev": true
    },
    "node_modules/eslint-plugin-react-hooks": {
      "version": "7.0.1",
      "resolved": "https://registry.npmjs.org/eslint-plugin-react-hooks/-/eslint-plugin-react-hooks-7.0.1.tgz",
      "integrity": "sha512-xxTpZZIN7gqWpt+JwM1n3DbNx/dTh83u1Jp1zHS0JO0ubyL/6wlyTyEsBmQm491fVhbr3xIqOo7FWeBFb8K3NA==",
      "dev": true
    },
    "node_modules/eslint-plugin-react-refresh": {
      "version": "0.4.24",
      "resolved": "https://registry.npmjs.org/eslint-plugin-react-refresh/-/eslint-plugin-react-refresh-0.4.24.tgz",
      "integrity": "sha512-U7ZDw8wxCuIybRSoqNpar/9+DPnRli8GVuAo1ffy76WkfZaLNodVVL0ExxEVeZE6coQHpvyAkhKbSd/tSHA/RQ==",
      "dev": true
    },
    "node_modules/globals": {
      "version": "16.5.0",
      "resolved": "https://registry.npmjs.org/globals/-/globals-16.5.0.tgz",
      "integrity": "sha512-tCONsknBIOe7p9++q2cCxm3CBLx/ruYzqwFfzPMcaZhDvDAcv2cyJI1jrr3m8inSlSGBok/xdQEx98ZPGmXl9g==",
      "dev": true
    },
    "node_modules/jest": {
      "version": "29.7.0",
      "resolved": "https://registry.npmjs.org/jest/-/jest-29.7.0.tgz",
      "integrity": "sha512-F59K4udPWwxOeSiBYuhq6Sw+vUlgiGS8/dflYb+n1M7MhghRtcJLVe3CekrcJw6dg7EwunZmi5JYzX7+ouyJwg==",
      "dev": true
    },
    "node_modules/ts-jest": {
      "version": "29.4.5",
      "resolved": "https://registry.npmjs.org/ts-jest/-/ts-jest-29.4.5.tgz",
      "integrity": "sha512-YjCkl+oUzjMQWesaAvUXtjIfmzQ49rhbYzZ8uFqQBj6ozz1PIps5R5kb3YOlRSJxVAUhyrvQuV5F1U42/TdOtw==",
      "dev": true
    },
    "node_modules/ts-node": {
      "version": "10.9.2",
      "resolved": "https://registry.npmjs.org/ts-node/-/ts-node-10.9.2.tgz",
      "integrity": "sha512-dEMaF+auYsmRQfZMf0hOk6WXOkf0DigmHXPjyez9k35s/c7VxR3hz7JyrpsFtD4uHC9q/h1t2LSMiFzA+Y+qgQ==",
      "dev": true
    },
    "node_modules/typescript": {
      "version": "5.9.3",
      "resolved": "https://registry.npmjs.org/typescript/-/typescript-5.9.3.tgz",
      "integrity": "sha512-n7bR+Bi2rn9SLi+DRn6garjvuvdu3FxCo5rbwO3DG0pKhs+9a6e8GGeUEkDSNJQn1NIwj52T06ScHDzn1kDslA==",
      "dev": true
    },
    "node_modules/typescript-eslint": {
      "version": "8.46.4",
      "resolved": "https://registry.npmjs.org/typescript-eslint/-/typescript-eslint-8.46.4.tgz",
      "integrity": "sha512-J8qKI+JQTrO46RMaHsiQ0CP+iuRGKK+d79kUMmJb+B2Zqh+clKCSOXWcOEfd+RyfKeSIpq9OxXGnIsQDMCUVIw==",
      "dev": true
    }
  }
}
